# This file is automatically @generated by Cargo.
# It is not intended for manual editing.
version = 3

[[package]]
name = "cc"
version = "1.0.73"
source = "registry+https://github.com/rust-lang/crates.io-index"
checksum = "2fff2a6927b3bb87f9595d67196a70493f627687a71d87a0d692242c33f58c11"

[[package]]
name = "itoa"
version = "1.0.3"
source = "registry+https://github.com/rust-lang/crates.io-index"
checksum = "6c8af84674fe1f223a982c933a0ee1086ac4d4052aa0fb8060c12c6ad838e754"

[[package]]
name = "libc"
version = "0.2.133"
source = "registry+https://github.com/rust-lang/crates.io-index"
checksum = "c0f80d65747a3e43d1596c7c5492d95d5edddaabd45a7fcdb02b95f644164966"

[[package]]
name = "nbsql"
version = "0.1.0"
dependencies = [
 "serde",
 "serde_json",
 "sqlite",
]

[[package]]
name = "pkg-config"
version = "0.3.25"
source = "registry+https://github.com/rust-lang/crates.io-index"
checksum = "1df8c4ec4b0627e53bdf214615ad287367e482558cf84b109250b37464dc03ae"

[[package]]
name = "proc-macro2"
version = "1.0.44"
source = "registry+https://github.com/rust-lang/crates.io-index"
checksum = "7bd7356a8122b6c4a24a82b278680c73357984ca2fc79a0f9fa6dea7dced7c58"
dependencies = [
 "unicode-ident",
]

[[package]]
name = "quote"
version = "1.0.21"
source = "registry+https://github.com/rust-lang/crates.io-index"
checksum = "bbe448f377a7d6961e30f5955f9b8d106c3f5e449d493ee1b125c1d43c2b5179"
dependencies = [
 "proc-macro2",
]

[[package]]
name = "ryu"
version = "1.0.11"
source = "registry+https://github.com/rust-lang/crates.io-index"
checksum = "4501abdff3ae82a1c1b477a17252eb69cee9e66eb915c1abaa4f44d873df9f09"

[[package]]
name = "serde"
version = "1.0.145"
source = "registry+https://github.com/rust-lang/crates.io-index"
checksum = "728eb6351430bccb993660dfffc5a72f91ccc1295abaa8ce19b27ebe4f75568b"
dependencies = [
 "serde_derive",
]

[[package]]
name = "serde_derive"
version = "1.0.145"
source = "registry+https://github.com/rust-lang/crates.io-index"
checksum = "81fa1584d3d1bcacd84c277a0dfe21f5b0f6accf4a23d04d4c6d61f1af522b4c"
dependencies = [
 "proc-macro2",
 "quote",
 "syn",
]

[[package]]
name = "serde_json"
version = "1.0.85"
source = "registry+https://github.com/rust-lang/crates.io-index"
checksum = "e55a28e3aaef9d5ce0506d0a14dbba8054ddc7e499ef522dd8b26859ec9d4a44"
dependencies = [
 "itoa",
 "ryu",
 "serde",
]

[[package]]
name = "sqlite"
version = "0.27.0"
source = "registry+https://github.com/rust-lang/crates.io-index"
checksum = "e2df8edd55685048550daaaf2be9024182f3523086cc86f7d50c136e55173e8c"
dependencies = [
 "libc",
 "sqlite3-sys",
]

[[package]]
name = "sqlite3-src"
version = "0.4.0"
source = "registry+https://github.com/rust-lang/crates.io-index"
checksum = "d1815a7a02c996eb8e5c64f61fcb6fd9b12e593ce265c512c5853b2513635691"
dependencies = [
 "cc",
 "pkg-config",
]

[[package]]
name = "sqlite3-sys"
version = "0.14.0"
source = "registry+https://github.com/rust-lang/crates.io-index"
checksum = "d47c99824fc55360ba00caf28de0b8a0458369b832e016a64c13af0ad9fbb9ee"
dependencies = [
 "libc",
 "sqlite3-src",
]

[[package]]
name = "syn"
version = "1.0.101"
source = "registry+https://github.com/rust-lang/crates.io-index"
checksum = "e90cde112c4b9690b8cbe810cba9ddd8bc1d7472e2cae317b69e9438c1cba7d2"
dependencies = [
 "proc-macro2",
 "quote",
 "unicode-ident",
]

[[package]]
name = "unicode-ident"
version = "1.0.4"
source = "registry+https://github.com/rust-lang/crates.io-index"
checksum = "dcc811dc4066ac62f84f11307873c4850cb653bfa9b1719cee2bd2204a4bc5dd"
